// !$*UTF8*$!
{
	archiveVersion = 1;
	classes = {
	};
	objectVersion = 55;
	objects = {

/* Begin PBXBuildFile section */
		7C12F42E28270BA7009D8015 /* iChat_SwifUIApp.swift in Sources */ = {isa = PBXBuildFile; fileRef = 7C12F42D28270BA7009D8015 /* iChat_SwifUIApp.swift */; };
		7C12F43028270BA7009D8015 /* SignInView.swift in Sources */ = {isa = PBXBuildFile; fileRef = 7C12F42F28270BA7009D8015 /* SignInView.swift */; };
		7C12F43228270BAA009D8015 /* Assets.xcassets in Resources */ = {isa = PBXBuildFile; fileRef = 7C12F43128270BAA009D8015 /* Assets.xcassets */; };
		7C12F43528270BAA009D8015 /* Preview Assets.xcassets in Resources */ = {isa = PBXBuildFile; fileRef = 7C12F43428270BAA009D8015 /* Preview Assets.xcassets */; };
		7C12F43C28275266009D8015 /* SignInViewModel.swift in Sources */ = {isa = PBXBuildFile; fileRef = 7C12F43B28275266009D8015 /* SignInViewModel.swift */; };
		7C12F44028276B57009D8015 /* SignUpView.swift in Sources */ = {isa = PBXBuildFile; fileRef = 7C12F43F28276B57009D8015 /* SignUpView.swift */; };
		7C12F44228276BD8009D8015 /* SingUpViewModel.swift in Sources */ = {isa = PBXBuildFile; fileRef = 7C12F44128276BD8009D8015 /* SingUpViewModel.swift */; };
		7C12F4442828BB77009D8015 /* GoogleService-Info.plist in Resources */ = {isa = PBXBuildFile; fileRef = 7C12F4432828BB77009D8015 /* GoogleService-Info.plist */; };
		7CBA6E4F28485B9E00A14DCB /* ImagePicker.swift in Sources */ = {isa = PBXBuildFile; fileRef = 7CBA6E4E28485B9E00A14DCB /* ImagePicker.swift */; };
		CA14B7B9A9CDB5FDDA712643 /* Pods_iChat_SwifUI.framework in Frameworks */ = {isa = PBXBuildFile; fileRef = 82087AFDD4FDFF30AF34249C /* Pods_iChat_SwifUI.framework */; };
/* End PBXBuildFile section */

/* Begin PBXFileReference section */
		7C12F42A28270BA7009D8015 /* iChat-SwifUI.app */ = {isa = PBXFileReference; explicitFileType = wrapper.application; includeInIndex = 0; path = "iChat-SwifUI.app"; sourceTree = BUILT_PRODUCTS_DIR; };
		7C12F42D28270BA7009D8015 /* iChat_SwifUIApp.swift */ = {isa = PBXFileReference; lastKnownFileType = sourcecode.swift; path = iChat_SwifUIApp.swift; sourceTree = "<group>"; };
		7C12F42F28270BA7009D8015 /* SignInView.swift */ = {isa = PBXFileReference; lastKnownFileType = sourcecode.swift; path = SignInView.swift; sourceTree = "<group>"; };
		7C12F43128270BAA009D8015 /* Assets.xcassets */ = {isa = PBXFileReference; lastKnownFileType = folder.assetcatalog; path = Assets.xcassets; sourceTree = "<group>"; };
		7C12F43428270BAA009D8015 /* Preview Assets.xcassets */ = {isa = PBXFileReference; lastKnownFileType = folder.assetcatalog; path = "Preview Assets.xcassets"; sourceTree = "<group>"; };
		7C12F43B28275266009D8015 /* SignInViewModel.swift */ = {isa = PBXFileReference; lastKnownFileType = sourcecode.swift; path = SignInViewModel.swift; sourceTree = "<group>"; };
		7C12F43F28276B57009D8015 /* SignUpView.swift */ = {isa = PBXFileReference; lastKnownFileType = sourcecode.swift; path = SignUpView.swift; sourceTree = "<group>"; };
		7C12F44128276BD8009D8015 /* SingUpViewModel.swift */ = {isa = PBXFileReference; lastKnownFileType = sourcecode.swift; path = SingUpViewModel.swift; sourceTree = "<group>"; };
		7C12F4432828BB77009D8015 /* GoogleService-Info.plist */ = {isa = PBXFileReference; fileEncoding = 4; lastKnownFileType = text.plist.xml; name = "GoogleService-Info.plist"; path = "../../../../Downloads/GoogleService-Info.plist"; sourceTree = "<group>"; };
		7CBA6E4E28485B9E00A14DCB /* ImagePicker.swift */ = {isa = PBXFileReference; lastKnownFileType = sourcecode.swift; path = ImagePicker.swift; sourceTree = "<group>"; };
		82087AFDD4FDFF30AF34249C /* Pods_iChat_SwifUI.framework */ = {isa = PBXFileReference; explicitFileType = wrapper.framework; includeInIndex = 0; path = Pods_iChat_SwifUI.framework; sourceTree = BUILT_PRODUCTS_DIR; };
		9C7C74FA65B67E7FA6E2C022 /* Pods-iChat-SwifUI.debug.xcconfig */ = {isa = PBXFileReference; includeInIndex = 1; lastKnownFileType = text.xcconfig; name = "Pods-iChat-SwifUI.debug.xcconfig"; path = "Target Support Files/Pods-iChat-SwifUI/Pods-iChat-SwifUI.debug.xcconfig"; sourceTree = "<group>"; };
		CD222EEC3678CAD5ADDF081A /* Pods-iChat-SwifUI.release.xcconfig */ = {isa = PBXFileReference; includeInIndex = 1; lastKnownFileType = text.xcconfig; name = "Pods-iChat-SwifUI.release.xcconfig"; path = "Target Support Files/Pods-iChat-SwifUI/Pods-iChat-SwifUI.release.xcconfig"; sourceTree = "<group>"; };
/* End PBXFileReference section */

/* Begin PBXFrameworksBuildPhase section */
		7C12F42728270BA7009D8015 /* Frameworks */ = {
			isa = PBXFrameworksBuildPhase;
			buildActionMask = 2147483647;
			files = (
				CA14B7B9A9CDB5FDDA712643 /* Pods_iChat_SwifUI.framework in Frameworks */,
			);
			runOnlyForDeploymentPostprocessing = 0;
		};
/* End PBXFrameworksBuildPhase section */

/* Begin PBXGroup section */
		7C12F42128270BA7009D8015 = {
			isa = PBXGroup;
			children = (
				7C12F42C28270BA7009D8015 /* iChat-SwifUI */,
				7C12F42B28270BA7009D8015 /* Products */,
				BE9004ECCDA15F6C71B6FD2A /* Pods */,
				E73929FF10EDE63A7AD58450 /* Frameworks */,
			);
			sourceTree = "<group>";
		};
		7C12F42B28270BA7009D8015 /* Products */ = {
			isa = PBXGroup;
			children = (
				7C12F42A28270BA7009D8015 /* iChat-SwifUI.app */,
			);
			name = Products;
			sourceTree = "<group>";
		};
		7C12F42C28270BA7009D8015 /* iChat-SwifUI */ = {
			isa = PBXGroup;
			children = (
				7C12F42D28270BA7009D8015 /* iChat_SwifUIApp.swift */,
				7C12F42F28270BA7009D8015 /* SignInView.swift */,
				7C12F43128270BAA009D8015 /* Assets.xcassets */,
				7C12F43328270BAA009D8015 /* Preview Content */,
				7C12F43B28275266009D8015 /* SignInViewModel.swift */,
				7C12F43F28276B57009D8015 /* SignUpView.swift */,
				7C12F44128276BD8009D8015 /* SingUpViewModel.swift */,
				7CBA6E4E28485B9E00A14DCB /* ImagePicker.swift */,
				7C12F4432828BB77009D8015 /* GoogleService-Info.plist */,
			);
			path = "iChat-SwifUI";
			sourceTree = "<group>";
		};
		7C12F43328270BAA009D8015 /* Preview Content */ = {
			isa = PBXGroup;
			children = (
				7C12F43428270BAA009D8015 /* Preview Assets.xcassets */,
			);
			path = "Preview Content";
			sourceTree = "<group>";
		};
		BE9004ECCDA15F6C71B6FD2A /* Pods */ = {
			isa = PBXGroup;
			children = (
				9C7C74FA65B67E7FA6E2C022 /* Pods-iChat-SwifUI.debug.xcconfig */,
				CD222EEC3678CAD5ADDF081A /* Pods-iChat-SwifUI.release.xcconfig */,
			);
			path = Pods;
			sourceTree = "<group>";
		};
		E73929FF10EDE63A7AD58450 /* Frameworks */ = {
			isa = PBXGroup;
			children = (
				82087AFDD4FDFF30AF34249C /* Pods_iChat_SwifUI.framework */,
			);
			name = Frameworks;
			sourceTree = "<group>";
		};
/* End PBXGroup section */

/* Begin PBXNativeTarget section */
		7C12F42928270BA7009D8015 /* iChat-SwifUI */ = {
			isa = PBXNativeTarget;
			buildConfigurationList = 7C12F43828270BAA009D8015 /* Build configuration list for PBXNativeTarget "iChat-SwifUI" */;
			buildPhases = (
				F93A125EAD4175E194E786BA /* [CP] Check Pods Manifest.lock */,
				7C12F42628270BA7009D8015 /* Sources */,
				7C12F42728270BA7009D8015 /* Frameworks */,
				7C12F42828270BA7009D8015 /* Resources */,
				8BC6CACAA3DA384B3C0E7561 /* [CP] Embed Pods Frameworks */,
			);
			buildRules = (
			);
			dependencies = (
			);
			name = "iChat-SwifUI";
			productName = "iChat-SwifUI";
			productReference = 7C12F42A28270BA7009D8015 /* iChat-SwifUI.app */;
			productType = "com.apple.product-type.application";
		};
/* End PBXNativeTarget section */

/* Begin PBXProject section */
		7C12F42228270BA7009D8015 /* Project object */ = {
			isa = PBXProject;
			attributes = {
				BuildIndependentTargetsInParallel = 1;
				LastSwiftUpdateCheck = 1320;
				LastUpgradeCheck = 1320;
				TargetAttributes = {
					7C12F42928270BA7009D8015 = {
						CreatedOnToolsVersion = 13.2.1;
					};
				};
			};
			buildConfigurationList = 7C12F42528270BA7009D8015 /* Build configuration list for PBXProject "iChat-SwifUI" */;
			compatibilityVersion = "Xcode 13.0";
			developmentRegion = en;
			hasScannedForEncodings = 0;
			knownRegions = (
				en,
				Base,
			);
			mainGroup = 7C12F42128270BA7009D8015;
			productRefGroup = 7C12F42B28270BA7009D8015 /* Products */;
			projectDirPath = "";
			projectRoot = "";
			targets = (
				7C12F42928270BA7009D8015 /* iChat-SwifUI */,
			);
		};
/* End PBXProject section */

/* Begin PBXResourcesBuildPhase section */
		7C12F42828270BA7009D8015 /* Resources */ = {
			isa = PBXResourcesBuildPhase;
			buildActionMask = 2147483647;
			files = (
				7C12F43528270BAA009D8015 /* Preview Assets.xcassets in Resources */,
				7C12F43228270BAA009D8015 /* Assets.xcassets in Resources */,
				7C12F4442828BB77009D8015 /* GoogleService-Info.plist in Resources */,
			);
			runOnlyForDeploymentPostprocessing = 0;
		};
/* End PBXResourcesBuildPhase section */

/* Begin PBXShellScriptBuildPhase section */
		8BC6CACAA3DA384B3C0E7561 /* [CP] Embed Pods Frameworks */ = {
			isa = PBXShellScriptBuildPhase;
			buildActionMask = 2147483647;
			files = (
			);
			inputFileListPaths = (
				"${PODS_ROOT}/Target Support Files/Pods-iChat-SwifUI/Pods-iChat-SwifUI-frameworks-${CONFIGURATION}-input-files.xcfilelist",
			);
			name = "[CP] Embed Pods Frameworks";
			outputFileListPaths = (
				"${PODS_ROOT}/Target Support Files/Pods-iChat-SwifUI/Pods-iChat-SwifUI-frameworks-${CONFIGURATION}-output-files.xcfilelist",
			);
			runOnlyForDeploymentPostprocessing = 0;
			shellPath = /bin/sh;
			shellScript = "\"${PODS_ROOT}/Target Support Files/Pods-iChat-SwifUI/Pods-iChat-SwifUI-frameworks.sh\"\n";
			showEnvVarsInLog = 0;
		};
		F93A125EAD4175E194E786BA /* [CP] Check Pods Manifest.lock */ = {
			isa = PBXShellScriptBuildPhase;
			buildActionMask = 2147483647;
			files = (
			);
			inputFileListPaths = (
			);
			inputPaths = (
				"${PODS_PODFILE_DIR_PATH}/Podfile.lock",
				"${PODS_ROOT}/Manifest.lock",
			);
			name = "[CP] Check Pods Manifest.lock";
			outputFileListPaths = (
			);
			outputPaths = (
				"$(DERIVED_FILE_DIR)/Pods-iChat-SwifUI-checkManifestLockResult.txt",
			);
			runOnlyForDeploymentPostprocessing = 0;
			shellPath = /bin/sh;
			shellScript = "diff \"${PODS_PODFILE_DIR_PATH}/Podfile.lock\" \"${PODS_ROOT}/Manifest.lock\" > /dev/null\nif [ $? != 0 ] ; then\n    # print error to STDERR\n    echo \"error: The sandbox is not in sync with the Podfile.lock. Run 'pod install' or update your CocoaPods installation.\" >&2\n    exit 1\nfi\n# This output is used by Xcode 'outputs' to avoid re-running this script phase.\necho \"SUCCESS\" > \"${SCRIPT_OUTPUT_FILE_0}\"\n";
			showEnvVarsInLog = 0;
		};
/* End PBXShellScriptBuildPhase section */

/* Begin PBXSourcesBuildPhase section */
		7C12F42628270BA7009D8015 /* Sources */ = {
			isa = PBXSourcesBuildPhase;
			buildActionMask = 2147483647;
			files = (
				7C12F44228276BD8009D8015 /* SingUpViewModel.swift in Sources */,
				7C12F44028276B57009D8015 /* SignUpView.swift in Sources */,
				7C12F43028270BA7009D8015 /* SignInView.swift in Sources */,
				7CBA6E4F28485B9E00A14DCB /* ImagePicker.swift in Sources */,
				7C12F42E28270BA7009D8015 /* iChat_SwifUIApp.swift in Sources */,
				7C12F43C28275266009D8015 /* SignInViewModel.swift in Sources */,
			);
			runOnlyForDeploymentPostprocessing = 0;
		};
/* End PBXSourcesBuildPhase section */

/* Begin XCBuildConfiguration section */
		7C12F43628270BAA009D8015 /* Debug */ = {
			isa = XCBuildConfiguration;
			buildSettings = {
				ALWAYS_SEARCH_USER_PATHS = NO;
				CLANG_ANALYZER_NONNULL = YES;
				CLANG_ANALYZER_NUMBER_OBJECT_CONVERSION = YES_AGGRESSIVE;
				CLANG_CXX_LANGUAGE_STANDARD = "gnu++17";
				CLANG_CXX_LIBRARY = "libc++";
				CLANG_ENABLE_MODULES = YES;
				CLANG_ENABLE_OBJC_ARC = YES;
				CLANG_ENABLE_OBJC_WEAK = YES;
				CLANG_WARN_BLOCK_CAPTURE_AUTORELEASING = YES;
				CLANG_WARN_BOOL_CONVERSION = YES;
				CLANG_WARN_COMMA = YES;
				CLANG_WARN_CONSTANT_CONVERSION = YES;
				CLANG_WARN_DEPRECATED_OBJC_IMPLEMENTATIONS = YES;
				CLANG_WARN_DIRECT_OBJC_ISA_USAGE = YES_ERROR;
				CLANG_WARN_DOCUMENTATION_COMMENTS = YES;
				CLANG_WARN_EMPTY_BODY = YES;
				CLANG_WARN_ENUM_CONVERSION = YES;
				CLANG_WARN_INFINITE_RECURSION = YES;
				CLANG_WARN_INT_CONVERSION = YES;
				CLANG_WARN_NON_LITERAL_NULL_CONVERSION = YES;
				CLANG_WARN_OBJC_IMPLICIT_RETAIN_SELF = YES;
				CLANG_WARN_OBJC_LITERAL_CONVERSION = YES;
				CLANG_WARN_OBJC_ROOT_CLASS = YES_ERROR;
				CLANG_WARN_QUOTED_INCLUDE_IN_FRAMEWORK_HEADER = YES;
				CLANG_WARN_RANGE_LOOP_ANALYSIS = YES;
				CLANG_WARN_STRICT_PROTOTYPES = YES;
				CLANG_WARN_SUSPICIOUS_MOVE = YES;
				CLANG_WARN_UNGUARDED_AVAILABILITY = YES_AGGRESSIVE;
				CLANG_WARN_UNREACHABLE_CODE = YES;
				CLANG_WARN__DUPLICATE_METHOD_MATCH = YES;
				COPY_PHASE_STRIP = NO;
				DEBUG_INFORMATION_FORMAT = dwarf;
				ENABLE_STRICT_OBJC_MSGSEND = YES;
				ENABLE_TESTABILITY = YES;
				GCC_C_LANGUAGE_STANDARD = gnu11;
				GCC_DYNAMIC_NO_PIC = NO;
				GCC_NO_COMMON_BLOCKS = YES;
				GCC_OPTIMIZATION_LEVEL = 0;
				GCC_PREPROCESSOR_DEFINITIONS = (
					"DEBUG=1",
					"$(inherited)",
				);
				GCC_WARN_64_TO_32_BIT_CONVERSION = YES;
				GCC_WARN_ABOUT_RETURN_TYPE = YES_ERROR;
				GCC_WARN_UNDECLARED_SELECTOR = YES;
				GCC_WARN_UNINITIALIZED_AUTOS = YES_AGGRESSIVE;
				GCC_WARN_UNUSED_FUNCTION = YES;
				GCC_WARN_UNUSED_VARIABLE = YES;
				IPHONEOS_DEPLOYMENT_TARGET = 15.2;
				MTL_ENABLE_DEBUG_INFO = INCLUDE_SOURCE;
				MTL_FAST_MATH = YES;
				ONLY_ACTIVE_ARCH = YES;
				SDKROOT = iphoneos;
				SWIFT_ACTIVE_COMPILATION_CONDITIONS = DEBUG;
				SWIFT_OPTIMIZATION_LEVEL = "-Onone";
			};
			name = Debug;
		};
		7C12F43728270BAA009D8015 /* Release */ = {
			isa = XCBuildConfiguration;
			buildSettings = {
				ALWAYS_SEARCH_USER_PATHS = NO;
				CLANG_ANALYZER_NONNULL = YES;
				CLANG_ANALYZER_NUMBER_OBJECT_CONVERSION = YES_AGGRESSIVE;
				CLANG_CXX_LANGUAGE_STANDARD = "gnu++17";
				CLANG_CXX_LIBRARY = "libc++";
				CLANG_ENABLE_MODULES = YES;
				CLANG_ENABLE_OBJC_ARC = YES;
				CLANG_ENABLE_OBJC_WEAK = YES;
				CLANG_WARN_BLOCK_CAPTURE_AUTORELEASING = YES;
				CLANG_WARN_BOOL_CONVERSION = YES;
				CLANG_WARN_COMMA = YES;
				CLANG_WARN_CONSTANT_CONVERSION = YES;
				CLANG_WARN_DEPRECATED_OBJC_IMPLEMENTATIONS = YES;
				CLANG_WARN_DIRECT_OBJC_ISA_USAGE = YES_ERROR;
				CLANG_WARN_DOCUMENTATION_COMMENTS = YES;
				CLANG_WARN_EMPTY_BODY = YES;
				CLANG_WARN_ENUM_CONVERSION = YES;
				CLANG_WARN_INFINITE_RECURSION = YES;
				CLANG_WARN_INT_CONVERSION = YES;
				CLANG_WARN_NON_LITERAL_NULL_CONVERSION = YES;
				CLANG_WARN_OBJC_IMPLICIT_RETAIN_SELF = YES;
				CLANG_WARN_OBJC_LITERAL_CONVERSION = YES;
				CLANG_WARN_OBJC_ROOT_CLASS = YES_ERROR;
				CLANG_WARN_QUOTED_INCLUDE_IN_FRAMEWORK_HEADER = YES;
				CLANG_WARN_RANGE_LOOP_ANALYSIS = YES;
				CLANG_WARN_STRICT_PROTOTYPES = YES;
				CLANG_WARN_SUSPICIOUS_MOVE = YES;
				CLANG_WARN_UNGUARDED_AVAILABILITY = YES_AGGRESSIVE;
				CLANG_WARN_UNREACHABLE_CODE = YES;
				CLANG_WARN__DUPLICATE_METHOD_MATCH = YES;
				COPY_PHASE_STRIP = NO;
				DEBUG_INFORMATION_FORMAT = "dwarf-with-dsym";
				ENABLE_NS_ASSERTIONS = NO;
				ENABLE_STRICT_OBJC_MSGSEND = YES;
				GCC_C_LANGUAGE_STANDARD = gnu11;
				GCC_NO_COMMON_BLOCKS = YES;
				GCC_WARN_64_TO_32_BIT_CONVERSION = YES;
				GCC_WARN_ABOUT_RETURN_TYPE = YES_ERROR;
				GCC_WARN_UNDECLARED_SELECTOR = YES;
				GCC_WARN_UNINITIALIZED_AUTOS = YES_AGGRESSIVE;
				GCC_WARN_UNUSED_FUNCTION = YES;
				GCC_WARN_UNUSED_VARIABLE = YES;
				IPHONEOS_DEPLOYMENT_TARGET = 15.2;
				MTL_ENABLE_DEBUG_INFO = NO;
				MTL_FAST_MATH = YES;
				SDKROOT = iphoneos;
				SWIFT_COMPILATION_MODE = wholemodule;
				SWIFT_OPTIMIZATION_LEVEL = "-O";
				VALIDATE_PRODUCT = YES;
			};
			name = Release;
		};
		7C12F43928270BAA009D8015 /* Debug */ = {
			isa = XCBuildConfiguration;
			baseConfigurationReference = 9C7C74FA65B67E7FA6E2C022 /* Pods-iChat-SwifUI.debug.xcconfig */;
			buildSettings = {
				ASSETCATALOG_COMPILER_APPICON_NAME = AppIcon;
				ASSETCATALOG_COMPILER_GLOBAL_ACCENT_COLOR_NAME = AccentColor;
				CODE_SIGN_STYLE = Automatic;
				CURRENT_PROJECT_VERSION = 1;
				DEVELOPMENT_ASSET_PATHS = "\"iChat-SwifUI/Preview Content\"";
				ENABLE_PREVIEWS = YES;
				GENERATE_INFOPLIST_FILE = YES;
				INFOPLIST_KEY_UIApplicationSceneManifest_Generation = YES;
				INFOPLIST_KEY_UIApplicationSupportsIndirectInputEvents = YES;
				INFOPLIST_KEY_UILaunchScreen_Generation = YES;
				INFOPLIST_KEY_UISupportedInterfaceOrientations_iPad = "UIInterfaceOrientationPortrait UIInterfaceOrientationPortraitUpsideDown UIInterfaceOrientationLandscapeLeft UIInterfaceOrientationLandscapeRight";
				INFOPLIST_KEY_UISupportedInterfaceOrientations_iPhone = "UIInterfaceOrientationPortrait UIInterfaceOrientationLandscapeLeft UIInterfaceOrientationLandscapeRight";
				LD_RUNPATH_SEARCH_PATHS = (
					"$(inherited)",
					"@executable_path/Frameworks",
				);
				MARKETING_VERSION = 1.0;
				PRODUCT_BUNDLE_IDENTIFIER = "maignardi.iChat-SwifUI";
				PRODUCT_NAME = "$(TARGET_NAME)";
				SWIFT_EMIT_LOC_STRINGS = YES;
				SWIFT_VERSION = 5.0;
				TARGETED_DEVICE_FAMILY = "1,2";
			};
			name = Debug;
		};
		7C12F43A28270BAA009D8015 /* Release */ = {
			isa = XCBuildConfiguration;
			baseConfigurationReference = CD222EEC3678CAD5ADDF081A /* Pods-iChat-SwifUI.release.xcconfig */;
			buildSettings = {
				ASSETCATALOG_COMPILER_APPICON_NAME = AppIcon;
				ASSETCATALOG_COMPILER_GLOBAL_ACCENT_COLOR_NAME = AccentColor;
				CODE_SIGN_STYLE = Automatic;
				CURRENT_PROJECT_VERSION = 1;
				DEVELOPMENT_ASSET_PATHS = "\"iChat-SwifUI/Preview Content\"";
				ENABLE_PREVIEWS = YES;
				GENERATE_INFOPLIST_FILE = YES;
				INFOPLIST_KEY_UIApplicationSceneManifest_Generation = YES;
				INFOPLIST_KEY_UIApplicationSupportsIndirectInputEvents = YES;
				INFOPLIST_KEY_UILaunchScreen_Generation = YES;
				INFOPLIST_KEY_UISupportedInterfaceOrientations_iPad = "UIInterfaceOrientationPortrait UIInterfaceOrientationPortraitUpsideDown UIInterfaceOrientationLandscapeLeft UIInterfaceOrientationLandscapeRight";
				INFOPLIST_KEY_UISupportedInterfaceOrientations_iPhone = "UIInterfaceOrientationPortrait UIInterfaceOrientationLandscapeLeft UIInterfaceOrientationLandscapeRight";
				LD_RUNPATH_SEARCH_PATHS = (
					"$(inherited)",
					"@executable_path/Frameworks",
				);
				MARKETING_VERSION = 1.0;
				PRODUCT_BUNDLE_IDENTIFIER = "maignardi.iChat-SwifUI";
				PRODUCT_NAME = "$(TARGET_NAME)";
				SWIFT_EMIT_LOC_STRINGS = YES;
				SWIFT_VERSION = 5.0;
				TARGETED_DEVICE_FAMILY = "1,2";
			};
			name = Release;
		};
/* End XCBuildConfiguration section */

/* Begin XCConfigurationList section */
		7C12F42528270BA7009D8015 /* Build configuration list for PBXProject "iChat-SwifUI" */ = {
			isa = XCConfigurationList;
			buildConfigurations = (
				7C12F43628270BAA009D8015 /* Debug */,
				7C12F43728270BAA009D8015 /* Release */,
			);
			defaultConfigurationIsVisible = 0;
			defaultConfigurationName = Release;
		};
		7C12F43828270BAA009D8015 /* Build configuration list for PBXNativeTarget "iChat-SwifUI" */ = {
			isa = XCConfigurationList;
			buildConfigurations = (
				7C12F43928270BAA009D8015 /* Debug */,
				7C12F43A28270BAA009D8015 /* Release */,
			);
			defaultConfigurationIsVisible = 0;
			defaultConfigurationName = Release;
		};
/* End XCConfigurationList section */
	};
	rootObject = 7C12F42228270BA7009D8015 /* Project object */;
}
